
Microsoft Visual Studio Solution File, Format Version 12.00
# Visual Studio Version 17
VisualStudioVersion = 17.1.32210.238
MinimumVisualStudioVersion = 10.0.40219.1
Project("{FAE04EC0-301F-11D3-BF4B-00C04F79EFBC}") = "Air Ticket Booking System", "Air Ticket Booking System\Air Ticket Booking System.csproj", "{84E714B2-BEAD-4480-8B58-F1DF0AD82546}"
EndProject
Project("{00D1A9C2-B5F0-4AF3-8072-F6C62B433612}") = "AirticketDb", "AirticketDb\AirticketDb.sqlproj", "{73592BFC-834C-4BF0-AAF1-8E683BE47912}"
EndProject
Global
	GlobalSection(SolutionConfigurationPlatforms) = preSolution
		Debug|Any CPU = Debug|Any CPU
		Release|Any CPU = Release|Any CPU
	EndGlobalSection
	GlobalSection(ProjectConfigurationPlatforms) = postSolution
		{84E714B2-BEAD-4480-8B58-F1DF0AD82546}.Debug|Any CPU.ActiveCfg = Debug|Any CPU
		{84E714B2-BEAD-4480-8B58-F1DF0AD82546}.Debug|Any CPU.Build.0 = Debug|Any CPU
		{84E714B2-BEAD-4480-8B58-F1DF0AD82546}.Release|Any CPU.ActiveCfg = Release|Any CPU
		{84E714B2-BEAD-4480-8B58-F1DF0AD82546}.Release|Any CPU.Build.0 = Release|Any CPU
		{73592BFC-834C-4BF0-AAF1-8E683BE47912}.Debug|Any CPU.ActiveCfg = Debug|Any CPU
		{73592BFC-834C-4BF0-AAF1-8E683BE47912}.Debug|Any CPU.Build.0 = Debug|Any CPU
		{73592BFC-834C-4BF0-AAF1-8E683BE47912}.Debug|Any CPU.Deploy.0 = Debug|Any CPU
		{73592BFC-834C-4BF0-AAF1-8E683BE47912}.Release|Any CPU.ActiveCfg = Release|Any CPU
		{73592BFC-834C-4BF0-AAF1-8E683BE47912}.Release|Any CPU.Build.0 = Release|Any CPU
		{73592BFC-834C-4BF0-AAF1-8E683BE47912}.Release|Any CPU.Deploy.0 = Release|Any CPU
	EndGlobalSection
	GlobalSection(SolutionProperties) = preSolution
		HideSolutionNode = FALSE
	EndGlobalSection
	GlobalSection(ExtensibilityGlobals) = postSolution
		SolutionGuid = {B14B431C-8068-4C63-A4AB-6C8E6F8F406D}
	EndGlobalSection
EndGlobal
